<Solution>
  <Folder Name="/samples/">
    <Project Path="samples/BlazorSync.Demo/BlazorSync.Demo.csproj" />
  </Folder>
  <Folder Name="/src/">
    <Project Path="src/BlazorSync.Core/BlazorSync.Core.csproj" />
  </Folder>
  <Folder Name="/tests/">
    <Project Path="tests/BlazorSync.Core.Tests/BlazorSync.Core.Tests.csproj" />
  </Folder>
</Solution>
